
Microsoft Visual Studio Solution File, Format Version 12.00
# Visual Studio Version 16
VisualStudioVersion = 16.0.31005.135
MinimumVisualStudioVersion = 10.0.40219.1
Project("{FAE04EC0-301F-11D3-BF4B-00C04F79EFBC}") = "WPFoefening4", "WPFoefening4\WPFoefening4.csproj", "{B11311C3-6475-45B9-A797-AA1D483F56F8}"
EndProject
Global
	GlobalSection(SolutionConfigurationPlatforms) = preSolution
		Debug|Any CPU = Debug|Any CPU
		Release|Any CPU = Release|Any CPU
	EndGlobalSection
	GlobalSection(ProjectConfigurationPlatforms) = postSolution
		{B11311C3-6475-45B9-A797-AA1D483F56F8}.Debug|Any CPU.ActiveCfg = Debug|Any CPU
		{B11311C3-6475-45B9-A797-AA1D483F56F8}.Debug|Any CPU.Build.0 = Debug|Any CPU
		{B11311C3-6475-45B9-A797-AA1D483F56F8}.Release|Any CPU.ActiveCfg = Release|Any CPU
		{B11311C3-6475-45B9-A797-AA1D483F56F8}.Release|Any CPU.Build.0 = Release|Any CPU
	EndGlobalSection
	GlobalSection(SolutionProperties) = preSolution
		HideSolutionNode = FALSE
	EndGlobalSection
	GlobalSection(ExtensibilityGlobals) = postSolution
		SolutionGuid = {D3F8BFC9-DC9F-4AA2-88CA-0BB18968A297}
	EndGlobalSection
EndGlobal
